
Microsoft Visual Studio Solution File, Format Version 12.00
# Visual Studio 15
VisualStudioVersion = 15.0.28010.2041
MinimumVisualStudioVersion = 10.0.40219.1
Project("{FAE04EC0-301F-11D3-BF4B-00C04F79EFBC}") = "Aufgabe_ListViewAndTreeView", "Aufgabe_ListViewAndTreeView\Aufgabe_ListViewAndTreeView.csproj", "{5A038008-5BF8-4D28-899F-2BC68A597604}"
EndProject
Global
	GlobalSection(SolutionConfigurationPlatforms) = preSolution
		Debug|Any CPU = Debug|Any CPU
		Release|Any CPU = Release|Any CPU
	EndGlobalSection
	GlobalSection(ProjectConfigurationPlatforms) = postSolution
		{5A038008-5BF8-4D28-899F-2BC68A597604}.Debug|Any CPU.ActiveCfg = Debug|Any CPU
		{5A038008-5BF8-4D28-899F-2BC68A597604}.Debug|Any CPU.Build.0 = Debug|Any CPU
		{5A038008-5BF8-4D28-899F-2BC68A597604}.Release|Any CPU.ActiveCfg = Release|Any CPU
		{5A038008-5BF8-4D28-899F-2BC68A597604}.Release|Any CPU.Build.0 = Release|Any CPU
	EndGlobalSection
	GlobalSection(SolutionProperties) = preSolution
		HideSolutionNode = FALSE
	EndGlobalSection
	GlobalSection(ExtensibilityGlobals) = postSolution
		SolutionGuid = {F02AD9BA-4BBB-4C35-B557-3C8C90A8F2AF}
	EndGlobalSection
EndGlobal
